
Microsoft Visual Studio Solution File, Format Version 12.00
Project("{FAE04EC0-301F-11D3-BF4B-00C04F79EFBC}") = "FirstPersonFunk", "FirstPersonFunk\FirstPersonFunk.csproj", "{D074B825-99D7-45B6-A324-43A0EE3CAB7C}"
EndProject
Global
	GlobalSection(SolutionConfigurationPlatforms) = preSolution
		Debug|Any CPU = Debug|Any CPU
		Release|Any CPU = Release|Any CPU
	EndGlobalSection
	GlobalSection(ProjectConfigurationPlatforms) = postSolution
		{D074B825-99D7-45B6-A324-43A0EE3CAB7C}.Debug|Any CPU.ActiveCfg = Debug|Any CPU
		{D074B825-99D7-45B6-A324-43A0EE3CAB7C}.Debug|Any CPU.Build.0 = Debug|Any CPU
		{D074B825-99D7-45B6-A324-43A0EE3CAB7C}.Release|Any CPU.ActiveCfg = Release|Any CPU
		{D074B825-99D7-45B6-A324-43A0EE3CAB7C}.Release|Any CPU.Build.0 = Release|Any CPU
	EndGlobalSection
EndGlobal
